
Microsoft Visual Studio Solution File, Format Version 12.00
# Visual Studio Version 17
VisualStudioVersion = 17.13.35828.75 d17.13
MinimumVisualStudioVersion = 10.0.40219.1
Project("{FAE04EC0-301F-11D3-BF4B-00C04F79EFBC}") = "I_Attend", "I_Attend.csproj", "{7D784B1B-25DD-4799-80F0-C64813774256}"
EndProject
Global
	GlobalSection(SolutionConfigurationPlatforms) = preSolution
		Debug|Any CPU = Debug|Any CPU
		Release|Any CPU = Release|Any CPU
	EndGlobalSection
	GlobalSection(ProjectConfigurationPlatforms) = postSolution
		{7D784B1B-25DD-4799-80F0-C64813774256}.Debug|Any CPU.ActiveCfg = Debug|Any CPU
		{7D784B1B-25DD-4799-80F0-C64813774256}.Debug|Any CPU.Build.0 = Debug|Any CPU
		{7D784B1B-25DD-4799-80F0-C64813774256}.Release|Any CPU.ActiveCfg = Release|Any CPU
		{7D784B1B-25DD-4799-80F0-C64813774256}.Release|Any CPU.Build.0 = Release|Any CPU
	EndGlobalSection
	GlobalSection(SolutionProperties) = preSolution
		HideSolutionNode = FALSE
	EndGlobalSection
	GlobalSection(ExtensibilityGlobals) = postSolution
		SolutionGuid = {3C084D24-AC7B-4958-86A0-F33FAE25C182}
	EndGlobalSection
EndGlobal
